
Microsoft Visual Studio Solution File, Format Version 12.00
# Visual Studio Version 17
VisualStudioVersion = 17.9.34714.143
MinimumVisualStudioVersion = 10.0.40219.1
Project("{FAE04EC0-301F-11D3-BF4B-00C04F79EFBC}") = "School_Adm", "School_Adm\School_Adm.csproj", "{2397EB7B-C472-4EAF-91A1-3B939F6125BC}"
EndProject
Global
	GlobalSection(SolutionConfigurationPlatforms) = preSolution
		Debug|Any CPU = Debug|Any CPU
		Release|Any CPU = Release|Any CPU
	EndGlobalSection
	GlobalSection(ProjectConfigurationPlatforms) = postSolution
		{2397EB7B-C472-4EAF-91A1-3B939F6125BC}.Debug|Any CPU.ActiveCfg = Debug|Any CPU
		{2397EB7B-C472-4EAF-91A1-3B939F6125BC}.Debug|Any CPU.Build.0 = Debug|Any CPU
		{2397EB7B-C472-4EAF-91A1-3B939F6125BC}.Release|Any CPU.ActiveCfg = Release|Any CPU
		{2397EB7B-C472-4EAF-91A1-3B939F6125BC}.Release|Any CPU.Build.0 = Release|Any CPU
	EndGlobalSection
	GlobalSection(SolutionProperties) = preSolution
		HideSolutionNode = FALSE
	EndGlobalSection
	GlobalSection(ExtensibilityGlobals) = postSolution
		SolutionGuid = {0A3CE3B9-A3C5-4F75-BCA7-1C6EFACE3E71}
	EndGlobalSection
EndGlobal
